schema: '2.0'
stages:
  process:
    cmd: python src/engineering/process.py --raw 'data/raw/dq_recsys_challenge_2025(in).csv'
      --process data/processed/processed_fnb.csv
    deps:
    - path: data/raw/dq_recsys_challenge_2025(in).csv
      hash: md5
      md5: a058b15deb247d03857332f52c0210a2
      size: 35385393
      isexec: true
    - path: src/engineering/process.py
      hash: md5
      md5: 0b487f10556f3a505935100d942df1fd
      size: 8264
      isexec: true
    outs:
    - path: data/processed/processed_fnb.csv
      hash: md5
      md5: ef7015e9dee42014b88bc01155bea545
      size: 394282
      isexec: true
  feature:
    cmd: python src/engineering/feature.py --process data/processed/processed_fnb.csv
      --train data/training/train.csv --test data/training/test.csv
    deps:
    - path: data/processed/processed_fnb.csv
      hash: md5
      md5: ef7015e9dee42014b88bc01155bea545
      size: 394282
      isexec: true
    - path: src/engineering/feature.py
      hash: md5
      md5: 773c6f71a86847e48dc3ac48353c1ece
      size: 10176
      isexec: true
    outs:
    - path: data/training/test.csv
      hash: md5
      md5: 677f89f64e770dfca2d49c6985af2a3b
      size: 109893
      isexec: true
    - path: data/training/train.csv
      hash: md5
      md5: 2f90e497a25b989fd8c5ac05a91ea800
      size: 439548
      isexec: true
  trainer:
    cmd: python src/training/run_trainer.py --data-path data/training/train.csv --output
      models/classifier
    deps:
    - path: data/training/train.csv
      hash: md5
      md5: 2f90e497a25b989fd8c5ac05a91ea800
      size: 439548
      isexec: true
    - path: src/training/run_trainer.py
      hash: md5
      md5: 1cc17af074862b2c3d8ef389eaf317ff
      size: 10671
      isexec: true
    params:
      src/training/model.params.yml:
        train.mode: single
        train.model: logistic_regression
    outs:
    - path: models/classifier
      hash: md5
      md5: 1f2f1e8381f6b3ec3e603f20bab97406.dir
      size: 3776
      nfiles: 3
